
Microsoft Visual Studio Solution File, Format Version 12.00
Project("{FAE04EC0-301F-11D3-BF4B-00C04F79EFBC}") = "TechChallengeApi", "TechChallengeApi\TechChallengeApi.csproj", "{456133B1-DCE8-4CD1-BCDD-375444282A34}"
EndProject
Project("{FAE04EC0-301F-11D3-BF4B-00C04F79EFBC}") = "Core", "Core\Core.csproj", "{BCC08F99-D920-42ED-A469-255DEAAFD28F}"
EndProject
Project("{FAE04EC0-301F-11D3-BF4B-00C04F79EFBC}") = "Infrastructure", "Infrastructure\Infrastructure.csproj", "{D56C0A88-95B3-4AEE-BFAE-65A90CBFC209}"
EndProject
Global
	GlobalSection(SolutionConfigurationPlatforms) = preSolution
		Debug|Any CPU = Debug|Any CPU
		Release|Any CPU = Release|Any CPU
	EndGlobalSection
	GlobalSection(ProjectConfigurationPlatforms) = postSolution
		{456133B1-DCE8-4CD1-BCDD-375444282A34}.Debug|Any CPU.ActiveCfg = Debug|Any CPU
		{456133B1-DCE8-4CD1-BCDD-375444282A34}.Debug|Any CPU.Build.0 = Debug|Any CPU
		{456133B1-DCE8-4CD1-BCDD-375444282A34}.Release|Any CPU.ActiveCfg = Release|Any CPU
		{456133B1-DCE8-4CD1-BCDD-375444282A34}.Release|Any CPU.Build.0 = Release|Any CPU
		{BCC08F99-D920-42ED-A469-255DEAAFD28F}.Debug|Any CPU.ActiveCfg = Debug|Any CPU
		{BCC08F99-D920-42ED-A469-255DEAAFD28F}.Debug|Any CPU.Build.0 = Debug|Any CPU
		{BCC08F99-D920-42ED-A469-255DEAAFD28F}.Release|Any CPU.ActiveCfg = Release|Any CPU
		{BCC08F99-D920-42ED-A469-255DEAAFD28F}.Release|Any CPU.Build.0 = Release|Any CPU
		{D56C0A88-95B3-4AEE-BFAE-65A90CBFC209}.Debug|Any CPU.ActiveCfg = Debug|Any CPU
		{D56C0A88-95B3-4AEE-BFAE-65A90CBFC209}.Debug|Any CPU.Build.0 = Debug|Any CPU
		{D56C0A88-95B3-4AEE-BFAE-65A90CBFC209}.Release|Any CPU.ActiveCfg = Release|Any CPU
		{D56C0A88-95B3-4AEE-BFAE-65A90CBFC209}.Release|Any CPU.Build.0 = Release|Any CPU
	EndGlobalSection
EndGlobal
